
Microsoft Visual Studio Solution File, Format Version 12.00
# Visual Studio 15
VisualStudioVersion = 15.0.28307.1082
MinimumVisualStudioVersion = 10.0.40219.1
Project("{FAE04EC0-301F-11D3-BF4B-00C04F79EFBC}") = "MvcMovie", "MvcMovie\MvcMovie.csproj", "{A58B04E2-F1D3-4755-8AC2-B55027CDC8AC}"
EndProject
Global
	GlobalSection(SolutionConfigurationPlatforms) = preSolution
		Debug|Any CPU = Debug|Any CPU
		Release|Any CPU = Release|Any CPU
	EndGlobalSection
	GlobalSection(ProjectConfigurationPlatforms) = postSolution
		{A58B04E2-F1D3-4755-8AC2-B55027CDC8AC}.Debug|Any CPU.ActiveCfg = Debug|Any CPU
		{A58B04E2-F1D3-4755-8AC2-B55027CDC8AC}.Debug|Any CPU.Build.0 = Debug|Any CPU
		{A58B04E2-F1D3-4755-8AC2-B55027CDC8AC}.Release|Any CPU.ActiveCfg = Release|Any CPU
		{A58B04E2-F1D3-4755-8AC2-B55027CDC8AC}.Release|Any CPU.Build.0 = Release|Any CPU
	EndGlobalSection
	GlobalSection(SolutionProperties) = preSolution
		HideSolutionNode = FALSE
	EndGlobalSection
	GlobalSection(ExtensibilityGlobals) = postSolution
		SolutionGuid = {7C9A80D9-07A0-4B30-B747-EB91EC623E5E}
	EndGlobalSection
EndGlobal
